
Microsoft Visual Studio Solution File, Format Version 12.00
# Visual Studio Version 17
VisualStudioVersion = 17.0.31903.59
MinimumVisualStudioVersion = 10.0.40219.1
Project("{FAE04EC0-301F-11D3-BF4B-00C04F79EFBC}") = "BookWeb", "BookWeb\BookWeb.csproj", "{1F054FC3-67F0-4436-A516-57A4249EE9EC}"
EndProject
Global
	GlobalSection(SolutionConfigurationPlatforms) = preSolution
		Debug|Any CPU = Debug|Any CPU
		Release|Any CPU = Release|Any CPU
	EndGlobalSection
	GlobalSection(ProjectConfigurationPlatforms) = postSolution
		{1F054FC3-67F0-4436-A516-57A4249EE9EC}.Debug|Any CPU.ActiveCfg = Debug|Any CPU
		{1F054FC3-67F0-4436-A516-57A4249EE9EC}.Debug|Any CPU.Build.0 = Debug|Any CPU
		{1F054FC3-67F0-4436-A516-57A4249EE9EC}.Release|Any CPU.ActiveCfg = Release|Any CPU
		{1F054FC3-67F0-4436-A516-57A4249EE9EC}.Release|Any CPU.Build.0 = Release|Any CPU
	EndGlobalSection
	GlobalSection(SolutionProperties) = preSolution
		HideSolutionNode = FALSE
	EndGlobalSection
	GlobalSection(ExtensibilityGlobals) = postSolution
		SolutionGuid = {38C352D3-AE89-4C7A-8E8C-DF904C2DC88D}
	EndGlobalSection
EndGlobal
